
Microsoft Visual Studio Solution File, Format Version 12.00
# Visual Studio Version 17
VisualStudioVersion = 17.3.32929.385
MinimumVisualStudioVersion = 10.0.40219.1
Project("{FAE04EC0-301F-11D3-BF4B-00C04F79EFBC}") = "Incapacidades", "Incapacidades\Incapacidades.csproj", "{000EACE6-0E08-405C-B237-0EF0D663140C}"
EndProject
Project("{FAE04EC0-301F-11D3-BF4B-00C04F79EFBC}") = "Notificaciones", "Notificaciones\Notificaciones.csproj", "{2F4D918E-F21F-4C8E-B7D5-5ED72366A723}"
EndProject
Project("{FAE04EC0-301F-11D3-BF4B-00C04F79EFBC}") = "Core", "Core\Core.csproj", "{11C85310-E992-4384-BA03-73438734D555}"
EndProject
Global
	GlobalSection(SolutionConfigurationPlatforms) = preSolution
		Debug|Any CPU = Debug|Any CPU
		Release|Any CPU = Release|Any CPU
	EndGlobalSection
	GlobalSection(ProjectConfigurationPlatforms) = postSolution
		{000EACE6-0E08-405C-B237-0EF0D663140C}.Debug|Any CPU.ActiveCfg = Debug|Any CPU
		{000EACE6-0E08-405C-B237-0EF0D663140C}.Debug|Any CPU.Build.0 = Debug|Any CPU
		{000EACE6-0E08-405C-B237-0EF0D663140C}.Release|Any CPU.ActiveCfg = Release|Any CPU
		{000EACE6-0E08-405C-B237-0EF0D663140C}.Release|Any CPU.Build.0 = Release|Any CPU
		{2F4D918E-F21F-4C8E-B7D5-5ED72366A723}.Debug|Any CPU.ActiveCfg = Debug|Any CPU
		{2F4D918E-F21F-4C8E-B7D5-5ED72366A723}.Debug|Any CPU.Build.0 = Debug|Any CPU
		{2F4D918E-F21F-4C8E-B7D5-5ED72366A723}.Release|Any CPU.ActiveCfg = Release|Any CPU
		{2F4D918E-F21F-4C8E-B7D5-5ED72366A723}.Release|Any CPU.Build.0 = Release|Any CPU
		{11C85310-E992-4384-BA03-73438734D555}.Debug|Any CPU.ActiveCfg = Debug|Any CPU
		{11C85310-E992-4384-BA03-73438734D555}.Debug|Any CPU.Build.0 = Debug|Any CPU
		{11C85310-E992-4384-BA03-73438734D555}.Release|Any CPU.ActiveCfg = Release|Any CPU
		{11C85310-E992-4384-BA03-73438734D555}.Release|Any CPU.Build.0 = Release|Any CPU
	EndGlobalSection
	GlobalSection(SolutionProperties) = preSolution
		HideSolutionNode = FALSE
	EndGlobalSection
	GlobalSection(ExtensibilityGlobals) = postSolution
		SolutionGuid = {7025A635-9CBA-4566-A27B-7ED24EF2157C}
	EndGlobalSection
EndGlobal
